// !$*UTF8*$!
{ "archiveVersion" = "1"; "classes" = {  }; "objectVersion" = "56"; "objects" = { "D0C010000000000000000003" = { "isa" = "PBXFileReference"; "lastKnownFileType" = "sourcecode.swift"; "path" = "Sources/OwnList/MindMapDocument.swift"; "sourceTree" = "<group>"; }; "D0C010000000000000000004" = { "isa" = "PBXBuildFile"; "fileRef" = "D0C010000000000000000003"; }; "D0C010000000000000000001" = { "isa" = "PBXFileReference"; "lastKnownFileType" = "sourcecode.swift"; "path" = "Sources/OwnList/MarkdownNativeDocument.swift"; "sourceTree" = "<group>"; }; "D0C010000000000000000002" = { "isa" = "PBXBuildFile"; "fileRef" = "D0C010000000000000000001"; }; "D3C8A1000000000000000001" = { "isa" = "PBXFileReference"; "lastKnownFileType" = "sourcecode.swift"; "path" = "Sources/OwnList/MarkdownPreview.swift"; "sourceTree" = "<group>"; }; "D3C8A1000000000000000002" = { "isa" = "PBXBuildFile"; "fileRef" = "D3C8A1000000000000000001"; }; "D3C8A1000000000000000003" = { "isa" = "PBXFileReference"; "lastKnownFileType" = "folder"; "path" = "Sources/OwnList/PreviewResources"; "sourceTree" = "<group>"; }; "D3C8A1000000000000000004" = { "isa" = "PBXBuildFile"; "fileRef" = "D3C8A1000000000000000003"; }; "DF8A1D082EE9439CAFBE30AF" = { "isa" = "PBXFileReference"; "lastKnownFileType" = "sourcecode.swift"; "path" = "Sources/OwnList/DocumentTransfer.swift"; "sourceTree" = "<group>"; }; "DF8A1D082EE9439CAFBE30B0" = { "isa" = "PBXBuildFile"; "fileRef" = "DF8A1D082EE9439CAFBE30AF"; }; "4243B1ECFDA14E6C8E7193A3" = { "isa" = "PBXFileReference"; "lastKnownFileType" = "image.icns"; "path" = "Resources/AppIcon-zhixing.icns"; "sourceTree" = "<group>"; }; "936DEBC9178C467BA5A7FCE4" = { "isa" = "PBXFileReference"; "lastKnownFileType" = "sourcecode.swift"; "path" = "Sources/OwnList/App.swift"; "sourceTree" = "<group>"; }; "9E11F3A9A9134E7A9B1A4D64" = { "isa" = "PBXFileReference"; "lastKnownFileType" = "sourcecode.swift"; "path" = "Sources/OwnList/Editors.swift"; "sourceTree" = "<group>"; }; "2A5BBABF9CBA4AF397286846" = { "isa" = "PBXFileReference"; "lastKnownFileType" = "sourcecode.swift"; "path" = "Sources/OwnList/MainView.swift"; "sourceTree" = "<group>"; }; "F1BCBDE0DB6E407897D9A5A8" = { "isa" = "PBXFileReference"; "lastKnownFileType" = "sourcecode.swift"; "path" = "Sources/OwnList/Models.swift"; "sourceTree" = "<group>"; }; "3B31C43098DC45C8932FD174" = { "isa" = "PBXFileReference"; "lastKnownFileType" = "sourcecode.swift"; "path" = "Sources/OwnList/Persistence.swift"; "sourceTree" = "<group>"; }; "7E83B12DAEAC41049B60612B" = { "isa" = "PBXFileReference"; "lastKnownFileType" = "sourcecode.swift"; "path" = "Sources/OwnList/PlanningViews.swift"; "sourceTree" = "<group>"; }; "A6689EA80A694715B33173E8" = { "isa" = "PBXFileReference"; "lastKnownFileType" = "sourcecode.swift"; "path" = "Sources/OwnList/RecurrenceCodec.swift"; "sourceTree" = "<group>"; }; "A6C36C6C4E9F4B339B64F013" = { "isa" = "PBXFileReference"; "lastKnownFileType" = "sourcecode.swift"; "path" = "Sources/OwnList/RichTextEditor.swift"; "sourceTree" = "<group>"; }; "D0CE108C38744EE1A5178D02" = { "isa" = "PBXFileReference"; "lastKnownFileType" = "sourcecode.swift"; "path" = "Sources/OwnList/Scheduling.swift"; "sourceTree" = "<group>"; }; "A25815DFB3EE4FA3BB0AD514" = { "isa" = "PBXFileReference"; "lastKnownFileType" = "sourcecode.swift"; "path" = "Sources/OwnList/Services.swift"; "sourceTree" = "<group>"; }; "CD28796101544DE5BD0C8F37" = { "isa" = "PBXFileReference"; "lastKnownFileType" = "sourcecode.swift"; "path" = "Sources/OwnList/Settings.swift"; "sourceTree" = "<group>"; }; "B2BE2C9DEF7F4367B85E67B0" = { "isa" = "PBXFileReference"; "lastKnownFileType" = "sourcecode.swift"; "path" = "Sources/OwnList/ShortcutRecorder.swift"; "sourceTree" = "<group>"; }; "5F20053220884828B386A77A" = { "isa" = "PBXFileReference"; "lastKnownFileType" = "sourcecode.swift"; "path" = "Sources/OwnList/WellbeingViews.swift"; "sourceTree" = "<group>"; }; "A62365052ABB458DB265E2FA" = { "isa" = "PBXFileReference"; "lastKnownFileType" = "sourcecode.swift"; "path" = "Widget/OwnListWidget.swift"; "sourceTree" = "<group>"; }; "45EF66D59EA248B886F1A661" = { "isa" = "PBXFileReference"; "lastKnownFileType" = "sourcecode.swift"; "path" = "ShareExtension/ShareController.swift"; "sourceTree" = "<group>"; }; "F7267BFBD5E9482DBB87C4B0" = { "isa" = "PBXFileReference"; "explicitFileType" = "wrapper.application"; "path" = "Zilo.app"; "sourceTree" = "BUILT_PRODUCTS_DIR"; }; "0FE84BD2E2DD4549936B3185" = { "isa" = "PBXFileReference"; "explicitFileType" = "wrapper.app-extension"; "path" = "OwnListWidget.appex"; "sourceTree" = "BUILT_PRODUCTS_DIR"; }; "74B57C58F7E14F6392A4BCAB" = { "isa" = "PBXFileReference"; "explicitFileType" = "wrapper.app-extension"; "path" = "OwnListShare.appex"; "sourceTree" = "BUILT_PRODUCTS_DIR"; }; "DB3A939C24A449B49FF905A5" = { "isa" = "PBXGroup"; "children" = ( "F7267BFBD5E9482DBB87C4B0", "0FE84BD2E2DD4549936B3185", "74B57C58F7E14F6392A4BCAB" ); "name" = "Products"; "sourceTree" = "<group>"; }; "2BF5DD91A8A244F182644C58" = { "isa" = "PBXFileReference"; "lastKnownFileType" = "text.plist.xml"; "path" = "Resources/Info.plist"; "sourceTree" = "<group>"; }; "4E1A4234CF3F4F118AF2D638" = { "isa" = "PBXFileReference"; "lastKnownFileType" = "text.plist.entitlements"; "path" = "Resources/OwnList.entitlements"; "sourceTree" = "<group>"; }; "8B36EEF5C8824DEF8BD90994" = { "isa" = "PBXFileReference"; "lastKnownFileType" = "text.plist.xml"; "path" = "Widget/Info.plist"; "sourceTree" = "<group>"; }; "E4ECC1C3B2BE4D92ABC13B9E" = { "isa" = "PBXFileReference"; "lastKnownFileType" = "text.plist.entitlements"; "path" = "Widget/Widget.entitlements"; "sourceTree" = "<group>"; }; "3549B06A09DB459584DBC3B6" = { "isa" = "PBXFileReference"; "lastKnownFileType" = "text.plist.xml"; "path" = "ShareExtension/Info.plist"; "sourceTree" = "<group>"; }; "A7D89129EBAF4684A81ACB40" = { "isa" = "PBXGroup"; "children" = ( "D0C010000000000000000003", "D0C010000000000000000001", "D3C8A1000000000000000001", "D3C8A1000000000000000003", "DF8A1D082EE9439CAFBE30AF", "936DEBC9178C467BA5A7FCE4", "9E11F3A9A9134E7A9B1A4D64", "2A5BBABF9CBA4AF397286846", "F1BCBDE0DB6E407897D9A5A8", "3B31C43098DC45C8932FD174", "7E83B12DAEAC41049B60612B", "A6689EA80A694715B33173E8", "A6C36C6C4E9F4B339B64F013", "D0CE108C38744EE1A5178D02", "A25815DFB3EE4FA3BB0AD514", "CD28796101544DE5BD0C8F37", "B2BE2C9DEF7F4367B85E67B0", "5F20053220884828B386A77A", "A62365052ABB458DB265E2FA", "45EF66D59EA248B886F1A661", "2BF5DD91A8A244F182644C58", "4E1A4234CF3F4F118AF2D638", "8B36EEF5C8824DEF8BD90994", "E4ECC1C3B2BE4D92ABC13B9E", "3549B06A09DB459584DBC3B6", "4243B1ECFDA14E6C8E7193A3", "DB3A939C24A449B49FF905A5" ); "sourceTree" = "<group>"; }; "AB4689CE708343BABD0C30B2" = { "isa" = "XCBuildConfiguration"; "buildSettings" = { "MACOSX_DEPLOYMENT_TARGET" = "14.0"; "SDKROOT" = "macosx"; "SWIFT_VERSION" = "5.0"; "ARCHS" = "$(ARCHS_STANDARD)"; "ONLY_ACTIVE_ARCH" = "NO"; "CODE_SIGN_STYLE" = "Automatic"; "DEVELOPMENT_TEAM" = "VFDQL6Z55P"; "ENABLE_HARDENED_RUNTIME" = "YES"; "CLANG_ENABLE_MODULES" = "YES"; "SWIFT_EMIT_LOC_STRINGS" = "YES"; "PRODUCT_NAME" = "Zilo"; "PRODUCT_BUNDLE_IDENTIFIER" = "com.gaoluchuan.ownlist"; "INFOPLIST_FILE" = "Resources/Info.plist"; "CODE_SIGN_ENTITLEMENTS" = "Resources/OwnList.entitlements"; "GENERATE_INFOPLIST_FILE" = "NO"; "LD_RUNPATH_SEARCH_PATHS" = "$(inherited) @executable_path/../Frameworks"; "SWIFT_OPTIMIZATION_LEVEL" = "-Onone"; "DEBUG_INFORMATION_FORMAT" = "dwarf"; }; "name" = "Debug"; }; "56C4D8CEEDFA4FB0ADEC5AF6" = { "isa" = "XCBuildConfiguration"; "buildSettings" = { "MACOSX_DEPLOYMENT_TARGET" = "14.0"; "SDKROOT" = "macosx"; "SWIFT_VERSION" = "5.0"; "ARCHS" = "$(ARCHS_STANDARD)"; "ONLY_ACTIVE_ARCH" = "NO"; "CODE_SIGN_STYLE" = "Automatic"; "DEVELOPMENT_TEAM" = "VFDQL6Z55P"; "ENABLE_HARDENED_RUNTIME" = "YES"; "CLANG_ENABLE_MODULES" = "YES"; "SWIFT_EMIT_LOC_STRINGS" = "YES"; "PRODUCT_NAME" = "Zilo"; "PRODUCT_BUNDLE_IDENTIFIER" = "com.gaoluchuan.ownlist"; "INFOPLIST_FILE" = "Resources/Info.plist"; "CODE_SIGN_ENTITLEMENTS" = "Resources/OwnList.entitlements"; "GENERATE_INFOPLIST_FILE" = "NO"; "LD_RUNPATH_SEARCH_PATHS" = "$(inherited) @executable_path/../Frameworks"; "SWIFT_OPTIMIZATION_LEVEL" = "-O"; "DEBUG_INFORMATION_FORMAT" = "dwarf-with-dsym"; }; "name" = "Release"; }; "C3B9DD5D0F9844CFB485B8CB" = { "isa" = "XCConfigurationList"; "buildConfigurations" = ( "AB4689CE708343BABD0C30B2", "56C4D8CEEDFA4FB0ADEC5AF6" ); "defaultConfigurationIsVisible" = "0"; "defaultConfigurationName" = "Release"; }; "358B082CB01B4E5D8E888A53" = { "isa" = "PBXBuildFile"; "fileRef" = "936DEBC9178C467BA5A7FCE4"; }; "D6F1322E448C443184F1FECC" = { "isa" = "PBXBuildFile"; "fileRef" = "9E11F3A9A9134E7A9B1A4D64"; }; "29FB5BFB7CDF4A5FAE2ECEAA" = { "isa" = "PBXBuildFile"; "fileRef" = "2A5BBABF9CBA4AF397286846"; }; "8FD4298E6E19471FB0B27542" = { "isa" = "PBXBuildFile"; "fileRef" = "F1BCBDE0DB6E407897D9A5A8"; }; "C40F68129BFE4029B9D8A428" = { "isa" = "PBXBuildFile"; "fileRef" = "3B31C43098DC45C8932FD174"; }; "9675495F3D2F4460B3779257" = { "isa" = "PBXBuildFile"; "fileRef" = "7E83B12DAEAC41049B60612B"; }; "7D006686226C42C1AB55B69B" = { "isa" = "PBXBuildFile"; "fileRef" = "A6689EA80A694715B33173E8"; }; "C8B0BA2C7A1B4856807AD6AA" = { "isa" = "PBXBuildFile"; "fileRef" = "A6C36C6C4E9F4B339B64F013"; }; "65ED6D262D5944CE93825663" = { "isa" = "PBXBuildFile"; "fileRef" = "D0CE108C38744EE1A5178D02"; }; "D4108D68540E44F18276E44A" = { "isa" = "PBXBuildFile"; "fileRef" = "A25815DFB3EE4FA3BB0AD514"; }; "FC9E41A52E5743EF83524126" = { "isa" = "PBXBuildFile"; "fileRef" = "CD28796101544DE5BD0C8F37"; }; "7132B71E36264D3C9BFFCE3C" = { "isa" = "PBXBuildFile"; "fileRef" = "B2BE2C9DEF7F4367B85E67B0"; }; "7B91EB272D0442F2BEA035F2" = { "isa" = "PBXBuildFile"; "fileRef" = "5F20053220884828B386A77A"; }; "27FF2994589C465CBB3D5398" = { "isa" = "PBXSourcesBuildPhase"; "buildActionMask" = "2147483647"; "files" = ( "D0C010000000000000000004", "D0C010000000000000000002", "D3C8A1000000000000000002", "DF8A1D082EE9439CAFBE30B0", "358B082CB01B4E5D8E888A53", "D6F1322E448C443184F1FECC", "29FB5BFB7CDF4A5FAE2ECEAA", "8FD4298E6E19471FB0B27542", "C40F68129BFE4029B9D8A428", "9675495F3D2F4460B3779257", "7D006686226C42C1AB55B69B", "C8B0BA2C7A1B4856807AD6AA", "65ED6D262D5944CE93825663", "D4108D68540E44F18276E44A", "FC9E41A52E5743EF83524126", "7132B71E36264D3C9BFFCE3C", "7B91EB272D0442F2BEA035F2" ); "runOnlyForDeploymentPostprocessing" = "0"; }; "50F9BDF0A2A74AD091E311BA" = { "isa" = "PBXFrameworksBuildPhase"; "buildActionMask" = "2147483647"; "files" = (  ); "runOnlyForDeploymentPostprocessing" = "0"; }; "03B7278A3C9D4122AF25404D" = { "isa" = "PBXBuildFile"; "fileRef" = "4243B1ECFDA14E6C8E7193A3"; }; "2DCC5A2EECC040A49ED7568C" = { "isa" = "PBXResourcesBuildPhase"; "buildActionMask" = "2147483647"; "files" = ( "D3C8A1000000000000000004", "03B7278A3C9D4122AF25404D" ); "runOnlyForDeploymentPostprocessing" = "0"; }; "A2E8E204791D4DE9AEBBD9E0" = { "isa" = "PBXNativeTarget"; "buildConfigurationList" = "C3B9DD5D0F9844CFB485B8CB"; "buildPhases" = ( "27FF2994589C465CBB3D5398", "50F9BDF0A2A74AD091E311BA", "2DCC5A2EECC040A49ED7568C", "B392C19156644F19A63D494D" ); "buildRules" = (  ); "dependencies" = ( "0022C61CC37947D092748BDF", "AD66FD7D977C4494AF5B5113" ); "name" = "OwnList"; "productName" = "OwnList"; "productReference" = "F7267BFBD5E9482DBB87C4B0"; "productType" = "com.apple.product-type.application"; }; "398E736EDCF74775AA691F98" = { "isa" = "XCBuildConfiguration"; "buildSettings" = { "MACOSX_DEPLOYMENT_TARGET" = "14.0"; "SDKROOT" = "macosx"; "SWIFT_VERSION" = "5.0"; "ARCHS" = "$(ARCHS_STANDARD)"; "ONLY_ACTIVE_ARCH" = "NO"; "CODE_SIGN_STYLE" = "Automatic"; "DEVELOPMENT_TEAM" = "VFDQL6Z55P"; "ENABLE_HARDENED_RUNTIME" = "YES"; "CLANG_ENABLE_MODULES" = "YES"; "SWIFT_EMIT_LOC_STRINGS" = "YES"; "PRODUCT_NAME" = "OwnListWidget"; "PRODUCT_BUNDLE_IDENTIFIER" = "com.gaoluchuan.ownlist.widget"; "INFOPLIST_FILE" = "Widget/Info.plist"; "CODE_SIGN_ENTITLEMENTS" = "Widget/Widget.entitlements"; "GENERATE_INFOPLIST_FILE" = "NO"; "LD_RUNPATH_SEARCH_PATHS" = "$(inherited) @executable_path/../Frameworks @executable_path/../../../../Frameworks"; "APPLICATION_EXTENSION_API_ONLY" = "YES"; "SKIP_INSTALL" = "YES"; "SWIFT_OPTIMIZATION_LEVEL" = "-Onone"; "DEBUG_INFORMATION_FORMAT" = "dwarf"; }; "name" = "Debug"; }; "CBDE32FD700B4AFE8B4F2E03" = { "isa" = "XCBuildConfiguration"; "buildSettings" = { "MACOSX_DEPLOYMENT_TARGET" = "14.0"; "SDKROOT" = "macosx"; "SWIFT_VERSION" = "5.0"; "ARCHS" = "$(ARCHS_STANDARD)"; "ONLY_ACTIVE_ARCH" = "NO"; "CODE_SIGN_STYLE" = "Automatic"; "DEVELOPMENT_TEAM" = "VFDQL6Z55P"; "ENABLE_HARDENED_RUNTIME" = "YES"; "CLANG_ENABLE_MODULES" = "YES"; "SWIFT_EMIT_LOC_STRINGS" = "YES"; "PRODUCT_NAME" = "OwnListWidget"; "PRODUCT_BUNDLE_IDENTIFIER" = "com.gaoluchuan.ownlist.widget"; "INFOPLIST_FILE" = "Widget/Info.plist"; "CODE_SIGN_ENTITLEMENTS" = "Widget/Widget.entitlements"; "GENERATE_INFOPLIST_FILE" = "NO"; "LD_RUNPATH_SEARCH_PATHS" = "$(inherited) @executable_path/../Frameworks @executable_path/../../../../Frameworks"; "APPLICATION_EXTENSION_API_ONLY" = "YES"; "SKIP_INSTALL" = "YES"; "SWIFT_OPTIMIZATION_LEVEL" = "-O"; "DEBUG_INFORMATION_FORMAT" = "dwarf-with-dsym"; }; "name" = "Release"; }; "D9172C572BFC440A8E2AE788" = { "isa" = "XCConfigurationList"; "buildConfigurations" = ( "398E736EDCF74775AA691F98", "CBDE32FD700B4AFE8B4F2E03" ); "defaultConfigurationIsVisible" = "0"; "defaultConfigurationName" = "Release"; }; "31712B2AAE56468D97E28CD1" = { "isa" = "PBXBuildFile"; "fileRef" = "A62365052ABB458DB265E2FA"; }; "90183CB02EC940A38F0C44BC" = { "isa" = "PBXBuildFile"; "fileRef" = "F1BCBDE0DB6E407897D9A5A8"; }; "75FED0F543544C1192981702" = { "isa" = "PBXSourcesBuildPhase"; "buildActionMask" = "2147483647"; "files" = ( "31712B2AAE56468D97E28CD1", "90183CB02EC940A38F0C44BC" ); "runOnlyForDeploymentPostprocessing" = "0"; }; "9F2A465D2D564A0E86493622" = { "isa" = "PBXFrameworksBuildPhase"; "buildActionMask" = "2147483647"; "files" = (  ); "runOnlyForDeploymentPostprocessing" = "0"; }; "DD0BF7B3BEFF43049B0046DC" = { "isa" = "PBXResourcesBuildPhase"; "buildActionMask" = "2147483647"; "files" = (  ); "runOnlyForDeploymentPostprocessing" = "0"; }; "CDEDCB5EC3624F4D80C6C80A" = { "isa" = "PBXNativeTarget"; "buildConfigurationList" = "D9172C572BFC440A8E2AE788"; "buildPhases" = ( "75FED0F543544C1192981702", "9F2A465D2D564A0E86493622", "DD0BF7B3BEFF43049B0046DC" ); "buildRules" = (  ); "dependencies" = (  ); "name" = "OwnListWidget"; "productName" = "OwnListWidget"; "productReference" = "0FE84BD2E2DD4549936B3185"; "productType" = "com.apple.product-type.app-extension"; }; "506D618CD00749A2A9723E7B" = { "isa" = "XCBuildConfiguration"; "buildSettings" = { "MACOSX_DEPLOYMENT_TARGET" = "14.0"; "SDKROOT" = "macosx"; "SWIFT_VERSION" = "5.0"; "ARCHS" = "$(ARCHS_STANDARD)"; "ONLY_ACTIVE_ARCH" = "NO"; "CODE_SIGN_STYLE" = "Automatic"; "DEVELOPMENT_TEAM" = "VFDQL6Z55P"; "ENABLE_HARDENED_RUNTIME" = "YES"; "CLANG_ENABLE_MODULES" = "YES"; "SWIFT_EMIT_LOC_STRINGS" = "YES"; "PRODUCT_NAME" = "OwnListShare"; "PRODUCT_BUNDLE_IDENTIFIER" = "com.gaoluchuan.ownlist.share"; "INFOPLIST_FILE" = "ShareExtension/Info.plist"; "CODE_SIGN_ENTITLEMENTS" = "Widget/Widget.entitlements"; "GENERATE_INFOPLIST_FILE" = "NO"; "LD_RUNPATH_SEARCH_PATHS" = "$(inherited) @executable_path/../Frameworks @executable_path/../../../../Frameworks"; "APPLICATION_EXTENSION_API_ONLY" = "YES"; "SKIP_INSTALL" = "YES"; "SWIFT_OPTIMIZATION_LEVEL" = "-Onone"; "DEBUG_INFORMATION_FORMAT" = "dwarf"; }; "name" = "Debug"; }; "04A9B102F8F14706BBF34EDD" = { "isa" = "XCBuildConfiguration"; "buildSettings" = { "MACOSX_DEPLOYMENT_TARGET" = "14.0"; "SDKROOT" = "macosx"; "SWIFT_VERSION" = "5.0"; "ARCHS" = "$(ARCHS_STANDARD)"; "ONLY_ACTIVE_ARCH" = "NO"; "CODE_SIGN_STYLE" = "Automatic"; "DEVELOPMENT_TEAM" = "VFDQL6Z55P"; "ENABLE_HARDENED_RUNTIME" = "YES"; "CLANG_ENABLE_MODULES" = "YES"; "SWIFT_EMIT_LOC_STRINGS" = "YES"; "PRODUCT_NAME" = "OwnListShare"; "PRODUCT_BUNDLE_IDENTIFIER" = "com.gaoluchuan.ownlist.share"; "INFOPLIST_FILE" = "ShareExtension/Info.plist"; "CODE_SIGN_ENTITLEMENTS" = "Widget/Widget.entitlements"; "GENERATE_INFOPLIST_FILE" = "NO"; "LD_RUNPATH_SEARCH_PATHS" = "$(inherited) @executable_path/../Frameworks @executable_path/../../../../Frameworks"; "APPLICATION_EXTENSION_API_ONLY" = "YES"; "SKIP_INSTALL" = "YES"; "SWIFT_OPTIMIZATION_LEVEL" = "-O"; "DEBUG_INFORMATION_FORMAT" = "dwarf-with-dsym"; }; "name" = "Release"; }; "60B43E6106644F648DA35756" = { "isa" = "XCConfigurationList"; "buildConfigurations" = ( "506D618CD00749A2A9723E7B", "04A9B102F8F14706BBF34EDD" ); "defaultConfigurationIsVisible" = "0"; "defaultConfigurationName" = "Release"; }; "0B1958DE34B044D2B06D6A74" = { "isa" = "PBXBuildFile"; "fileRef" = "45EF66D59EA248B886F1A661"; }; "0976A729EB994CC4BF5FECCF" = { "isa" = "PBXSourcesBuildPhase"; "buildActionMask" = "2147483647"; "files" = ( "0B1958DE34B044D2B06D6A74" ); "runOnlyForDeploymentPostprocessing" = "0"; }; "A9D492DC1FF24EA1A62EA4C4" = { "isa" = "PBXFrameworksBuildPhase"; "buildActionMask" = "2147483647"; "files" = (  ); "runOnlyForDeploymentPostprocessing" = "0"; }; "BAE86F2880084F3EA52A32DA" = { "isa" = "PBXResourcesBuildPhase"; "buildActionMask" = "2147483647"; "files" = (  ); "runOnlyForDeploymentPostprocessing" = "0"; }; "D38CFA3E8EAF4FD4A2A6A1F2" = { "isa" = "PBXNativeTarget"; "buildConfigurationList" = "60B43E6106644F648DA35756"; "buildPhases" = ( "0976A729EB994CC4BF5FECCF", "A9D492DC1FF24EA1A62EA4C4", "BAE86F2880084F3EA52A32DA" ); "buildRules" = (  ); "dependencies" = (  ); "name" = "OwnListShare"; "productName" = "OwnListShare"; "productReference" = "74B57C58F7E14F6392A4BCAB"; "productType" = "com.apple.product-type.app-extension"; }; "A68C763FAE2C4A7F8E0E1C3A" = { "isa" = "PBXContainerItemProxy"; "containerPortal" = "B044A233E8C047858F7D939E"; "proxyType" = "1"; "remoteGlobalIDString" = "CDEDCB5EC3624F4D80C6C80A"; "remoteInfo" = "OwnListWidget"; }; "0022C61CC37947D092748BDF" = { "isa" = "PBXTargetDependency"; "target" = "CDEDCB5EC3624F4D80C6C80A"; "targetProxy" = "A68C763FAE2C4A7F8E0E1C3A"; }; "6AEA2931758E485B8D253ECF" = { "isa" = "PBXBuildFile"; "fileRef" = "0FE84BD2E2DD4549936B3185"; "settings" = { "ATTRIBUTES" = ( "RemoveHeadersOnCopy", "CodeSignOnCopy" ); }; }; "FC015CC3C1434CFCB900A772" = { "isa" = "PBXContainerItemProxy"; "containerPortal" = "B044A233E8C047858F7D939E"; "proxyType" = "1"; "remoteGlobalIDString" = "D38CFA3E8EAF4FD4A2A6A1F2"; "remoteInfo" = "OwnListShare"; }; "AD66FD7D977C4494AF5B5113" = { "isa" = "PBXTargetDependency"; "target" = "D38CFA3E8EAF4FD4A2A6A1F2"; "targetProxy" = "FC015CC3C1434CFCB900A772"; }; "77D80C8515074C7D9F17826F" = { "isa" = "PBXBuildFile"; "fileRef" = "74B57C58F7E14F6392A4BCAB"; "settings" = { "ATTRIBUTES" = ( "RemoveHeadersOnCopy", "CodeSignOnCopy" ); }; }; "B392C19156644F19A63D494D" = { "isa" = "PBXCopyFilesBuildPhase"; "buildActionMask" = "2147483647"; "files" = ( "6AEA2931758E485B8D253ECF", "77D80C8515074C7D9F17826F" ); "runOnlyForDeploymentPostprocessing" = "0"; "dstPath" = ""; "dstSubfolderSpec" = "13"; "name" = "Embed App Extensions"; }; "1221FE2FED6548099C8004A4" = { "isa" = "XCBuildConfiguration"; "buildSettings" = { "MACOSX_DEPLOYMENT_TARGET" = "14.0"; "SDKROOT" = "macosx"; "SWIFT_VERSION" = "5.0"; "ARCHS" = "$(ARCHS_STANDARD)"; "ONLY_ACTIVE_ARCH" = "NO"; "CODE_SIGN_STYLE" = "Automatic"; "DEVELOPMENT_TEAM" = "VFDQL6Z55P"; "ENABLE_HARDENED_RUNTIME" = "YES"; "CLANG_ENABLE_MODULES" = "YES"; "SWIFT_EMIT_LOC_STRINGS" = "YES"; "SWIFT_OPTIMIZATION_LEVEL" = "-Onone"; "DEBUG_INFORMATION_FORMAT" = "dwarf"; }; "name" = "Debug"; }; "DB5E2FD4C8314A8CADD8585D" = { "isa" = "XCBuildConfiguration"; "buildSettings" = { "MACOSX_DEPLOYMENT_TARGET" = "14.0"; "SDKROOT" = "macosx"; "SWIFT_VERSION" = "5.0"; "ARCHS" = "$(ARCHS_STANDARD)"; "ONLY_ACTIVE_ARCH" = "NO"; "CODE_SIGN_STYLE" = "Automatic"; "DEVELOPMENT_TEAM" = "VFDQL6Z55P"; "ENABLE_HARDENED_RUNTIME" = "YES"; "CLANG_ENABLE_MODULES" = "YES"; "SWIFT_EMIT_LOC_STRINGS" = "YES"; "SWIFT_OPTIMIZATION_LEVEL" = "-O"; "DEBUG_INFORMATION_FORMAT" = "dwarf-with-dsym"; }; "name" = "Release"; }; "6E48E7EB30804BA2BAF76B3B" = { "isa" = "XCConfigurationList"; "buildConfigurations" = ( "1221FE2FED6548099C8004A4", "DB5E2FD4C8314A8CADD8585D" ); "defaultConfigurationIsVisible" = "0"; "defaultConfigurationName" = "Release"; }; "B044A233E8C047858F7D939E" = { "isa" = "PBXProject"; "attributes" = { "BuildIndependentTargetsInParallel" = "YES"; "LastUpgradeCheck" = "2600"; }; "buildConfigurationList" = "6E48E7EB30804BA2BAF76B3B"; "compatibilityVersion" = "Xcode 14.0"; "developmentRegion" = "zh-Hans"; "hasScannedForEncodings" = "0"; "knownRegions" = ( "zh-Hans", "en", "Base" ); "mainGroup" = "A7D89129EBAF4684A81ACB40"; "productRefGroup" = "DB3A939C24A449B49FF905A5"; "projectDirPath" = ""; "projectRoot" = ""; "targets" = ( "A2E8E204791D4DE9AEBBD9E0", "CDEDCB5EC3624F4D80C6C80A", "D38CFA3E8EAF4FD4A2A6A1F2" ); }; }; "rootObject" = "B044A233E8C047858F7D939E"; }